
Microsoft Visual Studio Solution File, Format Version 12.00
# Visual Studio Version 16
VisualStudioVersion = 16.0.33214.272
MinimumVisualStudioVersion = 10.0.40219.1
Project("{FAE04EC0-301F-11D3-BF4B-00C04F79EFBC}") = "apiCoder", "apiCoder\apiCoder.csproj", "{5A599185-45B9-4A5F-A09A-E0F288D67A00}"
EndProject
Global
	GlobalSection(SolutionConfigurationPlatforms) = preSolution
		Debug|Any CPU = Debug|Any CPU
		Release|Any CPU = Release|Any CPU
	EndGlobalSection
	GlobalSection(ProjectConfigurationPlatforms) = postSolution
		{5A599185-45B9-4A5F-A09A-E0F288D67A00}.Debug|Any CPU.ActiveCfg = Debug|Any CPU
		{5A599185-45B9-4A5F-A09A-E0F288D67A00}.Debug|Any CPU.Build.0 = Debug|Any CPU
		{5A599185-45B9-4A5F-A09A-E0F288D67A00}.Release|Any CPU.ActiveCfg = Release|Any CPU
		{5A599185-45B9-4A5F-A09A-E0F288D67A00}.Release|Any CPU.Build.0 = Release|Any CPU
	EndGlobalSection
	GlobalSection(SolutionProperties) = preSolution
		HideSolutionNode = FALSE
	EndGlobalSection
	GlobalSection(ExtensibilityGlobals) = postSolution
		SolutionGuid = {D81D3EAC-1775-4EF9-8F65-1CFCD238198C}
	EndGlobalSection
EndGlobal
